
Microsoft Visual Studio Solution File, Format Version 12.00
Project("{FAE04EC0-301F-11D3-BF4B-00C04F79EFBC}") = "Lab1", "Lab1\Lab1.csproj", "{584D4F92-62CA-42DB-98D5-2BBC19755DAA}"
EndProject
Project("{FAE04EC0-301F-11D3-BF4B-00C04F79EFBC}") = "Lab1.Test", "Lab1.Test\Lab1.Test.csproj", "{3CBD5FEE-B1D5-4D18-9ED6-BB5A254BE98A}"
EndProject
Global
	GlobalSection(SolutionConfigurationPlatforms) = preSolution
		Debug|Any CPU = Debug|Any CPU
		Release|Any CPU = Release|Any CPU
	EndGlobalSection
	GlobalSection(ProjectConfigurationPlatforms) = postSolution
		{584D4F92-62CA-42DB-98D5-2BBC19755DAA}.Debug|Any CPU.ActiveCfg = Debug|Any CPU
		{584D4F92-62CA-42DB-98D5-2BBC19755DAA}.Debug|Any CPU.Build.0 = Debug|Any CPU
		{584D4F92-62CA-42DB-98D5-2BBC19755DAA}.Release|Any CPU.ActiveCfg = Release|Any CPU
		{584D4F92-62CA-42DB-98D5-2BBC19755DAA}.Release|Any CPU.Build.0 = Release|Any CPU
		{3CBD5FEE-B1D5-4D18-9ED6-BB5A254BE98A}.Debug|Any CPU.ActiveCfg = Debug|Any CPU
		{3CBD5FEE-B1D5-4D18-9ED6-BB5A254BE98A}.Debug|Any CPU.Build.0 = Debug|Any CPU
		{3CBD5FEE-B1D5-4D18-9ED6-BB5A254BE98A}.Release|Any CPU.ActiveCfg = Release|Any CPU
		{3CBD5FEE-B1D5-4D18-9ED6-BB5A254BE98A}.Release|Any CPU.Build.0 = Release|Any CPU
	EndGlobalSection
EndGlobal
