
Microsoft Visual Studio Solution File, Format Version 12.00
# Visual Studio Version 17
VisualStudioVersion = 17.8.34330.188
MinimumVisualStudioVersion = 10.0.40219.1
Project("{9A19103F-16F7-4668-BE54-9A1E7A4F7556}") = "Lab1", "Labs\Lab1\Lab1.csproj", "{EA9B94E3-CE7B-4AF3-9790-301A3C7A8FAB}"
EndProject
Project("{9A19103F-16F7-4668-BE54-9A1E7A4F7556}") = "Lab2", "Labs\Lab2\Lab2.csproj", "{58EFE894-AF7C-4794-9497-A2D2EEF4CE50}"
EndProject
Project("{9A19103F-16F7-4668-BE54-9A1E7A4F7556}") = "Lab1.Test", "Labs\Lab1.Test\Lab1.Test.csproj", "{9F9AE669-68D7-495E-B484-9774B9F3271E}"
EndProject
Project("{9A19103F-16F7-4668-BE54-9A1E7A4F7556}") = "Lab2.Test", "Labs\Lab2.Test\Lab2.Test.csproj", "{9B41CD32-FEFF-42AC-B6A1-36222F65387E}"
EndProject
Project("{9A19103F-16F7-4668-BE54-9A1E7A4F7556}") = "Lab3", "Labs\Lab3\Lab3.csproj", "{13026589-FD9A-4F7B-B964-0F155D31A0F8}"
EndProject
Project("{9A19103F-16F7-4668-BE54-9A1E7A4F7556}") = "Lab3.Test", "Labs\Lab3.Test\Lab3.Test.csproj", "{B4C835BB-30AF-4469-B6D4-090838C804A7}"
EndProject
Project("{9A19103F-16F7-4668-BE54-9A1E7A4F7556}") = "LabsLibrary", "LabLibrary\LabsLibrary.csproj", "{6BE28ECC-8064-4988-82C4-B792D30468D6}"
EndProject
Project("{9A19103F-16F7-4668-BE54-9A1E7A4F7556}") = "Lab4", "Lab4\Lab4.csproj", "{A7B91497-5F64-4BCD-8FFA-443314F06BE6}"
EndProject
Project("{FAE04EC0-301F-11D3-BF4B-00C04F79EFBC}") = "Lab5", "Labs\Lab5\Lab5.csproj", "{FE3BCA5B-866E-4CC0-BDF9-F48877368507}"
EndProject
Global
	GlobalSection(SolutionConfigurationPlatforms) = preSolution
		Debug|Any CPU = Debug|Any CPU
		Release|Any CPU = Release|Any CPU
	EndGlobalSection
	GlobalSection(ProjectConfigurationPlatforms) = postSolution
		{EA9B94E3-CE7B-4AF3-9790-301A3C7A8FAB}.Debug|Any CPU.ActiveCfg = Debug|Any CPU
		{EA9B94E3-CE7B-4AF3-9790-301A3C7A8FAB}.Debug|Any CPU.Build.0 = Debug|Any CPU
		{EA9B94E3-CE7B-4AF3-9790-301A3C7A8FAB}.Release|Any CPU.ActiveCfg = Release|Any CPU
		{EA9B94E3-CE7B-4AF3-9790-301A3C7A8FAB}.Release|Any CPU.Build.0 = Release|Any CPU
		{58EFE894-AF7C-4794-9497-A2D2EEF4CE50}.Debug|Any CPU.ActiveCfg = Debug|Any CPU
		{58EFE894-AF7C-4794-9497-A2D2EEF4CE50}.Debug|Any CPU.Build.0 = Debug|Any CPU
		{58EFE894-AF7C-4794-9497-A2D2EEF4CE50}.Release|Any CPU.ActiveCfg = Release|Any CPU
		{58EFE894-AF7C-4794-9497-A2D2EEF4CE50}.Release|Any CPU.Build.0 = Release|Any CPU
		{9F9AE669-68D7-495E-B484-9774B9F3271E}.Debug|Any CPU.ActiveCfg = Debug|Any CPU
		{9F9AE669-68D7-495E-B484-9774B9F3271E}.Debug|Any CPU.Build.0 = Debug|Any CPU
		{9F9AE669-68D7-495E-B484-9774B9F3271E}.Release|Any CPU.ActiveCfg = Release|Any CPU
		{9F9AE669-68D7-495E-B484-9774B9F3271E}.Release|Any CPU.Build.0 = Release|Any CPU
		{9B41CD32-FEFF-42AC-B6A1-36222F65387E}.Debug|Any CPU.ActiveCfg = Debug|Any CPU
		{9B41CD32-FEFF-42AC-B6A1-36222F65387E}.Debug|Any CPU.Build.0 = Debug|Any CPU
		{9B41CD32-FEFF-42AC-B6A1-36222F65387E}.Release|Any CPU.ActiveCfg = Release|Any CPU
		{9B41CD32-FEFF-42AC-B6A1-36222F65387E}.Release|Any CPU.Build.0 = Release|Any CPU
		{13026589-FD9A-4F7B-B964-0F155D31A0F8}.Debug|Any CPU.ActiveCfg = Debug|Any CPU
		{13026589-FD9A-4F7B-B964-0F155D31A0F8}.Debug|Any CPU.Build.0 = Debug|Any CPU
		{13026589-FD9A-4F7B-B964-0F155D31A0F8}.Release|Any CPU.ActiveCfg = Release|Any CPU
		{13026589-FD9A-4F7B-B964-0F155D31A0F8}.Release|Any CPU.Build.0 = Release|Any CPU
		{B4C835BB-30AF-4469-B6D4-090838C804A7}.Debug|Any CPU.ActiveCfg = Debug|Any CPU
		{B4C835BB-30AF-4469-B6D4-090838C804A7}.Debug|Any CPU.Build.0 = Debug|Any CPU
		{B4C835BB-30AF-4469-B6D4-090838C804A7}.Release|Any CPU.ActiveCfg = Release|Any CPU
		{B4C835BB-30AF-4469-B6D4-090838C804A7}.Release|Any CPU.Build.0 = Release|Any CPU
		{6BE28ECC-8064-4988-82C4-B792D30468D6}.Debug|Any CPU.ActiveCfg = Debug|Any CPU
		{6BE28ECC-8064-4988-82C4-B792D30468D6}.Debug|Any CPU.Build.0 = Debug|Any CPU
		{6BE28ECC-8064-4988-82C4-B792D30468D6}.Release|Any CPU.ActiveCfg = Release|Any CPU
		{6BE28ECC-8064-4988-82C4-B792D30468D6}.Release|Any CPU.Build.0 = Release|Any CPU
		{A7B91497-5F64-4BCD-8FFA-443314F06BE6}.Debug|Any CPU.ActiveCfg = Debug|Any CPU
		{A7B91497-5F64-4BCD-8FFA-443314F06BE6}.Debug|Any CPU.Build.0 = Debug|Any CPU
		{A7B91497-5F64-4BCD-8FFA-443314F06BE6}.Release|Any CPU.ActiveCfg = Release|Any CPU
		{A7B91497-5F64-4BCD-8FFA-443314F06BE6}.Release|Any CPU.Build.0 = Release|Any CPU
		{FE3BCA5B-866E-4CC0-BDF9-F48877368507}.Debug|Any CPU.ActiveCfg = Debug|Any CPU
		{FE3BCA5B-866E-4CC0-BDF9-F48877368507}.Debug|Any CPU.Build.0 = Debug|Any CPU
		{FE3BCA5B-866E-4CC0-BDF9-F48877368507}.Release|Any CPU.ActiveCfg = Release|Any CPU
		{FE3BCA5B-866E-4CC0-BDF9-F48877368507}.Release|Any CPU.Build.0 = Release|Any CPU
	EndGlobalSection
	GlobalSection(SolutionProperties) = preSolution
		HideSolutionNode = FALSE
	EndGlobalSection
	GlobalSection(ExtensibilityGlobals) = postSolution
		SolutionGuid = {367C888D-57A0-438A-8B5E-447B949B1B5C}
	EndGlobalSection
EndGlobal
